
Microsoft Visual Studio Solution File, Format Version 12.00
Project("{FAE04EC0-301F-11D3-BF4B-00C04F79EFBC}") = "AssecorAssessment.Api", "AssecorAssessment.Api\AssecorAssessment.Api.csproj", "{D0EBFCFC-B2B7-4F3A-BF5E-45F9B4A2BC07}"
EndProject
Project("{FAE04EC0-301F-11D3-BF4B-00C04F79EFBC}") = "AssecorAssessment.Api.Tests", "AssecorAssessment.Api.Tests\AssecorAssessment.Api.Tests.csproj", "{DA0DADE0-8975-4D10-9D16-C447EBD421B0}"
EndProject
Global
	GlobalSection(SolutionConfigurationPlatforms) = preSolution
		Debug|Any CPU = Debug|Any CPU
		Debug|x64 = Debug|x64
		Debug|x86 = Debug|x86
		Release|Any CPU = Release|Any CPU
		Release|x64 = Release|x64
		Release|x86 = Release|x86
	EndGlobalSection
	GlobalSection(ProjectConfigurationPlatforms) = postSolution
		{D0EBFCFC-B2B7-4F3A-BF5E-45F9B4A2BC07}.Debug|Any CPU.ActiveCfg = Debug|Any CPU
		{D0EBFCFC-B2B7-4F3A-BF5E-45F9B4A2BC07}.Debug|Any CPU.Build.0 = Debug|Any CPU
		{D0EBFCFC-B2B7-4F3A-BF5E-45F9B4A2BC07}.Debug|x64.ActiveCfg = Debug|Any CPU
		{D0EBFCFC-B2B7-4F3A-BF5E-45F9B4A2BC07}.Debug|x64.Build.0 = Debug|Any CPU
		{D0EBFCFC-B2B7-4F3A-BF5E-45F9B4A2BC07}.Debug|x86.ActiveCfg = Debug|Any CPU
		{D0EBFCFC-B2B7-4F3A-BF5E-45F9B4A2BC07}.Debug|x86.Build.0 = Debug|Any CPU
		{D0EBFCFC-B2B7-4F3A-BF5E-45F9B4A2BC07}.Release|Any CPU.ActiveCfg = Release|Any CPU
		{D0EBFCFC-B2B7-4F3A-BF5E-45F9B4A2BC07}.Release|Any CPU.Build.0 = Release|Any CPU
		{D0EBFCFC-B2B7-4F3A-BF5E-45F9B4A2BC07}.Release|x64.ActiveCfg = Release|Any CPU
		{D0EBFCFC-B2B7-4F3A-BF5E-45F9B4A2BC07}.Release|x64.Build.0 = Release|Any CPU
		{D0EBFCFC-B2B7-4F3A-BF5E-45F9B4A2BC07}.Release|x86.ActiveCfg = Release|Any CPU
		{D0EBFCFC-B2B7-4F3A-BF5E-45F9B4A2BC07}.Release|x86.Build.0 = Release|Any CPU
		{DA0DADE0-8975-4D10-9D16-C447EBD421B0}.Debug|Any CPU.ActiveCfg = Debug|Any CPU
		{DA0DADE0-8975-4D10-9D16-C447EBD421B0}.Debug|Any CPU.Build.0 = Debug|Any CPU
		{DA0DADE0-8975-4D10-9D16-C447EBD421B0}.Debug|x64.ActiveCfg = Debug|Any CPU
		{DA0DADE0-8975-4D10-9D16-C447EBD421B0}.Debug|x64.Build.0 = Debug|Any CPU
		{DA0DADE0-8975-4D10-9D16-C447EBD421B0}.Debug|x86.ActiveCfg = Debug|Any CPU
		{DA0DADE0-8975-4D10-9D16-C447EBD421B0}.Debug|x86.Build.0 = Debug|Any CPU
		{DA0DADE0-8975-4D10-9D16-C447EBD421B0}.Release|Any CPU.ActiveCfg = Release|Any CPU
		{DA0DADE0-8975-4D10-9D16-C447EBD421B0}.Release|Any CPU.Build.0 = Release|Any CPU
		{DA0DADE0-8975-4D10-9D16-C447EBD421B0}.Release|x64.ActiveCfg = Release|Any CPU
		{DA0DADE0-8975-4D10-9D16-C447EBD421B0}.Release|x64.Build.0 = Release|Any CPU
		{DA0DADE0-8975-4D10-9D16-C447EBD421B0}.Release|x86.ActiveCfg = Release|Any CPU
		{DA0DADE0-8975-4D10-9D16-C447EBD421B0}.Release|x86.Build.0 = Release|Any CPU
	EndGlobalSection
	GlobalSection(SolutionProperties) = preSolution
		HideSolutionNode = FALSE
	EndGlobalSection
EndGlobal
